
Microsoft Visual Studio Solution File, Format Version 12.00
# Visual Studio Version 17
VisualStudioVersion = 17.12.35527.113
MinimumVisualStudioVersion = 10.0.40219.1
Project("{FAE04EC0-301F-11D3-BF4B-00C04F79EFBC}") = "ECommerce.Microservice.SharedLibrary", "ECommerce.Microservice.SharedLibrary\ECommerce.Microservice.SharedLibrary.csproj", "{7A60CDDB-A129-4E61-A13F-03BA76865886}"
EndProject
Project("{FAE04EC0-301F-11D3-BF4B-00C04F79EFBC}") = "ECommerce.Microservice.ProductService.Api", "ECommerce.Microservice.ProductService.Api\ECommerce.Microservice.ProductService.Api.csproj", "{A21CFD86-AE6A-4A80-8C34-796C18552487}"
EndProject
Global
	GlobalSection(SolutionConfigurationPlatforms) = preSolution
		Debug|Any CPU = Debug|Any CPU
		Release|Any CPU = Release|Any CPU
	EndGlobalSection
	GlobalSection(ProjectConfigurationPlatforms) = postSolution
		{7A60CDDB-A129-4E61-A13F-03BA76865886}.Debug|Any CPU.ActiveCfg = Debug|Any CPU
		{7A60CDDB-A129-4E61-A13F-03BA76865886}.Debug|Any CPU.Build.0 = Debug|Any CPU
		{7A60CDDB-A129-4E61-A13F-03BA76865886}.Release|Any CPU.ActiveCfg = Release|Any CPU
		{7A60CDDB-A129-4E61-A13F-03BA76865886}.Release|Any CPU.Build.0 = Release|Any CPU
		{A21CFD86-AE6A-4A80-8C34-796C18552487}.Debug|Any CPU.ActiveCfg = Debug|Any CPU
		{A21CFD86-AE6A-4A80-8C34-796C18552487}.Debug|Any CPU.Build.0 = Debug|Any CPU
		{A21CFD86-AE6A-4A80-8C34-796C18552487}.Release|Any CPU.ActiveCfg = Release|Any CPU
		{A21CFD86-AE6A-4A80-8C34-796C18552487}.Release|Any CPU.Build.0 = Release|Any CPU
	EndGlobalSection
	GlobalSection(SolutionProperties) = preSolution
		HideSolutionNode = FALSE
	EndGlobalSection
EndGlobal
